
Microsoft Visual Studio Solution File, Format Version 12.00
# Visual Studio 15
VisualStudioVersion = 15.0.28010.2003
MinimumVisualStudioVersion = 10.0.40219.1
Project("{FAE04EC0-301F-11D3-BF4B-00C04F79EFBC}") = "WhatSightWord", "WhatSightWord\WhatSightWord.csproj", "{2E8DDD66-82F6-4B09-AFAD-E51E5BFCFFD3}"
EndProject
Global
	GlobalSection(SolutionConfigurationPlatforms) = preSolution
		Debug|Any CPU = Debug|Any CPU
		Release|Any CPU = Release|Any CPU
	EndGlobalSection
	GlobalSection(ProjectConfigurationPlatforms) = postSolution
		{2E8DDD66-82F6-4B09-AFAD-E51E5BFCFFD3}.Debug|Any CPU.ActiveCfg = Debug|Any CPU
		{2E8DDD66-82F6-4B09-AFAD-E51E5BFCFFD3}.Debug|Any CPU.Build.0 = Debug|Any CPU
		{2E8DDD66-82F6-4B09-AFAD-E51E5BFCFFD3}.Release|Any CPU.ActiveCfg = Release|Any CPU
		{2E8DDD66-82F6-4B09-AFAD-E51E5BFCFFD3}.Release|Any CPU.Build.0 = Release|Any CPU
	EndGlobalSection
	GlobalSection(SolutionProperties) = preSolution
		HideSolutionNode = FALSE
	EndGlobalSection
	GlobalSection(ExtensibilityGlobals) = postSolution
		SolutionGuid = {010EB789-FB59-4DC6-B2FA-05C528975799}
	EndGlobalSection
EndGlobal
